
Microsoft Visual Studio Solution File, Format Version 12.00
# Visual Studio Version 17
VisualStudioVersion = 17.2.32616.157
MinimumVisualStudioVersion = 10.0.40219.1
Project("{9A19103F-16F7-4668-BE54-9A1E7A4F7556}") = "eCodes", "eCodes.csproj", "{2F298390-DF21-4069-997E-5ACE7FE78925}"
EndProject
Project("{9A19103F-16F7-4668-BE54-9A1E7A4F7556}") = "eCodes.Services", "..\eCodes.Services\eCodes.Services.csproj", "{14E8D4D8-6E51-49A2-8C73-49CDA07CD22F}"
EndProject
Project("{9A19103F-16F7-4668-BE54-9A1E7A4F7556}") = "eCodes.Models", "..\eCodes.Models\eCodes.Models.csproj", "{3D008D97-078F-47AA-9FC3-797B962FF92E}"
EndProject
Project("{9A19103F-16F7-4668-BE54-9A1E7A4F7556}") = "eCodes.WinUI", "..\eCodes.WinUI\eCodes.WinUI.csproj", "{A1D77276-2419-4A0C-8437-4088DD42376F}"
EndProject
Project("{2150E333-8FDC-42A3-9474-1A3956D46DE8}") = "Solution Items", "Solution Items", "{CDC9707E-02F8-4719-9B3D-A730066C7C12}"
	ProjectSection(SolutionItems) = preProject
		..\.dockerignore = ..\.dockerignore
		..\docker-compose.yml = ..\docker-compose.yml
		..\Dockerfile = ..\Dockerfile
	EndProjectSection
EndProject
Global
	GlobalSection(SolutionConfigurationPlatforms) = preSolution
		Debug|Any CPU = Debug|Any CPU
		Release|Any CPU = Release|Any CPU
	EndGlobalSection
	GlobalSection(ProjectConfigurationPlatforms) = postSolution
		{2F298390-DF21-4069-997E-5ACE7FE78925}.Debug|Any CPU.ActiveCfg = Debug|Any CPU
		{2F298390-DF21-4069-997E-5ACE7FE78925}.Debug|Any CPU.Build.0 = Debug|Any CPU
		{2F298390-DF21-4069-997E-5ACE7FE78925}.Release|Any CPU.ActiveCfg = Release|Any CPU
		{2F298390-DF21-4069-997E-5ACE7FE78925}.Release|Any CPU.Build.0 = Release|Any CPU
		{14E8D4D8-6E51-49A2-8C73-49CDA07CD22F}.Debug|Any CPU.ActiveCfg = Debug|Any CPU
		{14E8D4D8-6E51-49A2-8C73-49CDA07CD22F}.Debug|Any CPU.Build.0 = Debug|Any CPU
		{14E8D4D8-6E51-49A2-8C73-49CDA07CD22F}.Release|Any CPU.ActiveCfg = Release|Any CPU
		{14E8D4D8-6E51-49A2-8C73-49CDA07CD22F}.Release|Any CPU.Build.0 = Release|Any CPU
		{3D008D97-078F-47AA-9FC3-797B962FF92E}.Debug|Any CPU.ActiveCfg = Debug|Any CPU
		{3D008D97-078F-47AA-9FC3-797B962FF92E}.Debug|Any CPU.Build.0 = Debug|Any CPU
		{3D008D97-078F-47AA-9FC3-797B962FF92E}.Release|Any CPU.ActiveCfg = Release|Any CPU
		{3D008D97-078F-47AA-9FC3-797B962FF92E}.Release|Any CPU.Build.0 = Release|Any CPU
		{A1D77276-2419-4A0C-8437-4088DD42376F}.Debug|Any CPU.ActiveCfg = Debug|Any CPU
		{A1D77276-2419-4A0C-8437-4088DD42376F}.Debug|Any CPU.Build.0 = Debug|Any CPU
		{A1D77276-2419-4A0C-8437-4088DD42376F}.Release|Any CPU.ActiveCfg = Release|Any CPU
		{A1D77276-2419-4A0C-8437-4088DD42376F}.Release|Any CPU.Build.0 = Release|Any CPU
	EndGlobalSection
	GlobalSection(SolutionProperties) = preSolution
		HideSolutionNode = FALSE
	EndGlobalSection
	GlobalSection(ExtensibilityGlobals) = postSolution
		SolutionGuid = {9D86BD1E-5AC9-43F9-95F0-15C7D89B355B}
	EndGlobalSection
EndGlobal
